<?xml version="1.0" encoding="utf-8"?>
<Project ToolsVersion="4.0" xmlns="http://schemas.microsoft.com/developer/msbuild/2003">
  <ItemGroup>
    <Filter Include="Source Files">
      <UniqueIdentifier>{4FC737F1-C7A5-4376-A066-2A32D752A2FF}</UniqueIdentifier>
      <Extensions>cpp;c;cc;cxx;c++;cppm;ixx;def;odl;idl;hpj;bat;asm;asmx</Extensions>
    </Filter>
    <Filter Include="Header Files">
      <UniqueIdentifier>{93995380-89BD-4b04-88EB-625FBE52EBFB}</UniqueIdentifier>
      <Extensions>h;hh;hpp;hxx;h++;hm;inl;inc;ipp;xsd</Extensions>
    </Filter>
    <Filter Include="Resource Files">
      <UniqueIdentifier>{67DA6AB6-F800-4c08-8B7A-83BB121AAD01}</UniqueIdentifier>
      <Extensions>rc;ico;cur;bmp;dlg;rc2;rct;bin;rgs;gif;jpg;jpeg;jpe;resx;tiff;tif;png;wav;mfcribbon-ms</Extensions>
    </Filter>
    <Filter Include="PE">
      <UniqueIdentifier>{e36b5516-6540-4380-9655-2c3e6f84256e}</UniqueIdentifier>
    </Filter>
    <Filter Include="Zydis">
      <UniqueIdentifier>{3f49dae2-9000-4083-9cef-285eabe5e5bb}</UniqueIdentifier>
    </Filter>
    <Filter Include="PE\PdbParser">
      <UniqueIdentifier>{5359a97b-2166-4d83-bcd8-fced236ab711}</UniqueIdentifier>
    </Filter>
    <Filter Include="asmjit">
      <UniqueIdentifier>{d5f711da-89f5-4d5e-a665-d78f560a2952}</UniqueIdentifier>
    </Filter>
  </ItemGroup>
  <ItemGroup>
    <ClCompile Include="src\third\Zydis\Zydis.c">
      <Filter>Zydis</Filter>
    </ClCompile>
    <ClCompile Include="src\pe\PdbParser.cpp">
      <Filter>Source Files</Filter>
    </ClCompile>
    <ClCompile Include="src\pe\PE.cpp">
      <Filter>Source Files</Filter>
    </ClCompile>
    <ClCompile Include="src\DllMain.cpp">
      <Filter>Source Files</Filter>
    </ClCompile>
    <ClCompile Include="src\compiler\Function.cpp">
      <Filter>Source Files</Filter>
    </ClCompile>
    <ClCompile Include="src\compiler\Compiler.cpp">
      <Filter>Source Files</Filter>
    </ClCompile>
    <ClCompile Include="src\compiler\passes\virtualizer\Virtualizer.cpp">
      <Filter>Source Files</Filter>
    </ClCompile>
    <ClCompile Include="src\compiler\passes\virtualizer\VMDisassembler.cpp">
      <Filter>Source Files</Filter>
    </ClCompile>
  </ItemGroup>
  <ItemGroup>
    <ClInclude Include="src\third\asmjit\asmjit.h">
      <Filter>asmjit</Filter>
    </ClInclude>
    <ClInclude Include="src\third\Zydis\Zydis.h">
      <Filter>Zydis</Filter>
    </ClInclude>
    <ClInclude Include="src\pe\PdbParser.hpp">
      <Filter>Header Files</Filter>
    </ClInclude>
    <ClInclude Include="src\pe\PE.hpp">
      <Filter>Header Files</Filter>
    </ClInclude>
    <ClInclude Include="src\compiler\Function.hpp">
      <Filter>Header Files</Filter>
    </ClInclude>
    <ClInclude Include="src\compiler\Compiler.hpp">
      <Filter>Header Files</Filter>
    </ClInclude>
    <ClInclude Include="src\compiler\passes\virtualizer\VM.hpp">
      <Filter>Header Files</Filter>
    </ClInclude>
    <ClInclude Include="src\compiler\passes\virtualizer\Virtualizer.hpp">
      <Filter>Header Files</Filter>
    </ClInclude>
    <ClInclude Include="src\compiler\passes\virtualizer\VMInstruction.hpp">
      <Filter>Header Files</Filter>
    </ClInclude>
    <ClInclude Include="src\compiler\passes\virtualizer\VMDisassembler.hpp">
      <Filter>Header Files</Filter>
    </ClInclude>
  </ItemGroup>
</Project>